
Microsoft Visual Studio Solution File, Format Version 12.00
# Visual Studio Version 17
VisualStudioVersion = 17.1.32421.90
MinimumVisualStudioVersion = 10.0.40219.1
Project("{2150E333-8FDC-42A3-9474-1A3956D46DE8}") = "src", "src", "{9A79CBE7-EBF6-4E1A-B0EE-81154F489DF3}"
EndProject
Project("{2150E333-8FDC-42A3-9474-1A3956D46DE8}") = "tests", "tests", "{916B6810-93CA-4EC7-8872-51CAAABA12FD}"
EndProject
Project("{2150E333-8FDC-42A3-9474-1A3956D46DE8}") = "Application", "Application", "{B0F80F19-043B-4F8B-9538-4D3D5A58F0AA}"
EndProject
Project("{2150E333-8FDC-42A3-9474-1A3956D46DE8}") = "Domain", "Domain", "{E0A18794-7916-4881-9266-B852358B6642}"
EndProject
Project("{2150E333-8FDC-42A3-9474-1A3956D46DE8}") = "Infrastructure", "Infrastructure", "{C09D46EB-6AE6-4C87-846C-03C67277BB6C}"
EndProject
Project("{2150E333-8FDC-42A3-9474-1A3956D46DE8}") = "Presentation", "Presentation", "{526E6818-711D-4C88-AF7D-92A263B4F058}"
EndProject
Project("{FAE04EC0-301F-11D3-BF4B-00C04F79EFBC}") = "Application.UnitTests", "Application.UnitTests\Application.UnitTests.csproj", "{90085A9D-EA04-48A8-A666-1CA0A5870D23}"
EndProject
Project("{FAE04EC0-301F-11D3-BF4B-00C04F79EFBC}") = "Domain.UnitTests", "Domain.UnitTests\Domain.UnitTests.csproj", "{E6124593-2F1A-4D0B-B26D-BC2770E55D34}"
EndProject
Project("{FAE04EC0-301F-11D3-BF4B-00C04F79EFBC}") = "ToroBank.Domain", "BankToro.Domain\ToroBank.Domain.csproj", "{82AF7B42-3568-4E13-A82A-2EF9AD106702}"
EndProject
Project("{FAE04EC0-301F-11D3-BF4B-00C04F79EFBC}") = "ToroBank.Infrastructure.Persistence", "ToroBank.Infrastructure\ToroBank.Infrastructure.Persistence.csproj", "{5D7F1C75-8131-4984-A979-785D958B3687}"
EndProject
Project("{FAE04EC0-301F-11D3-BF4B-00C04F79EFBC}") = "ToroBank.Application", "ToroBank.Application\ToroBank.Application.csproj", "{5F24B1FF-09D7-438E-A653-2809BB335347}"
EndProject
Project("{FAE04EC0-301F-11D3-BF4B-00C04F79EFBC}") = "ToroBank.WebApi", "ToroBank.WebApi\ToroBank.WebApi.csproj", "{492AB2F7-D0A2-4CF1-BC81-958979385062}"
EndProject
Project("{FAE04EC0-301F-11D3-BF4B-00C04F79EFBC}") = "ToroBank.Infrastructure.Shared", "ToroBank.Infrastructure.Shared\ToroBank.Infrastructure.Shared.csproj", "{DDCA8631-3521-47E9-9568-693C0BE1B10B}"
EndProject
Global
	GlobalSection(SolutionConfigurationPlatforms) = preSolution
		Debug|Any CPU = Debug|Any CPU
		Release|Any CPU = Release|Any CPU
	EndGlobalSection
	GlobalSection(ProjectConfigurationPlatforms) = postSolution
		{90085A9D-EA04-48A8-A666-1CA0A5870D23}.Debug|Any CPU.ActiveCfg = Debug|Any CPU
		{90085A9D-EA04-48A8-A666-1CA0A5870D23}.Debug|Any CPU.Build.0 = Debug|Any CPU
		{90085A9D-EA04-48A8-A666-1CA0A5870D23}.Release|Any CPU.ActiveCfg = Release|Any CPU
		{90085A9D-EA04-48A8-A666-1CA0A5870D23}.Release|Any CPU.Build.0 = Release|Any CPU
		{E6124593-2F1A-4D0B-B26D-BC2770E55D34}.Debug|Any CPU.ActiveCfg = Debug|Any CPU
		{E6124593-2F1A-4D0B-B26D-BC2770E55D34}.Debug|Any CPU.Build.0 = Debug|Any CPU
		{E6124593-2F1A-4D0B-B26D-BC2770E55D34}.Release|Any CPU.ActiveCfg = Release|Any CPU
		{E6124593-2F1A-4D0B-B26D-BC2770E55D34}.Release|Any CPU.Build.0 = Release|Any CPU
		{82AF7B42-3568-4E13-A82A-2EF9AD106702}.Debug|Any CPU.ActiveCfg = Debug|Any CPU
		{82AF7B42-3568-4E13-A82A-2EF9AD106702}.Debug|Any CPU.Build.0 = Debug|Any CPU
		{82AF7B42-3568-4E13-A82A-2EF9AD106702}.Release|Any CPU.ActiveCfg = Release|Any CPU
		{82AF7B42-3568-4E13-A82A-2EF9AD106702}.Release|Any CPU.Build.0 = Release|Any CPU
		{5D7F1C75-8131-4984-A979-785D958B3687}.Debug|Any CPU.ActiveCfg = Debug|Any CPU
		{5D7F1C75-8131-4984-A979-785D958B3687}.Debug|Any CPU.Build.0 = Debug|Any CPU
		{5D7F1C75-8131-4984-A979-785D958B3687}.Release|Any CPU.ActiveCfg = Release|Any CPU
		{5D7F1C75-8131-4984-A979-785D958B3687}.Release|Any CPU.Build.0 = Release|Any CPU
		{5F24B1FF-09D7-438E-A653-2809BB335347}.Debug|Any CPU.ActiveCfg = Debug|Any CPU
		{5F24B1FF-09D7-438E-A653-2809BB335347}.Debug|Any CPU.Build.0 = Debug|Any CPU
		{5F24B1FF-09D7-438E-A653-2809BB335347}.Release|Any CPU.ActiveCfg = Release|Any CPU
		{5F24B1FF-09D7-438E-A653-2809BB335347}.Release|Any CPU.Build.0 = Release|Any CPU
		{492AB2F7-D0A2-4CF1-BC81-958979385062}.Debug|Any CPU.ActiveCfg = Debug|Any CPU
		{492AB2F7-D0A2-4CF1-BC81-958979385062}.Debug|Any CPU.Build.0 = Debug|Any CPU
		{492AB2F7-D0A2-4CF1-BC81-958979385062}.Release|Any CPU.ActiveCfg = Release|Any CPU
		{492AB2F7-D0A2-4CF1-BC81-958979385062}.Release|Any CPU.Build.0 = Release|Any CPU
		{DDCA8631-3521-47E9-9568-693C0BE1B10B}.Debug|Any CPU.ActiveCfg = Debug|Any CPU
		{DDCA8631-3521-47E9-9568-693C0BE1B10B}.Debug|Any CPU.Build.0 = Debug|Any CPU
		{DDCA8631-3521-47E9-9568-693C0BE1B10B}.Release|Any CPU.ActiveCfg = Release|Any CPU
		{DDCA8631-3521-47E9-9568-693C0BE1B10B}.Release|Any CPU.Build.0 = Release|Any CPU
	EndGlobalSection
	GlobalSection(SolutionProperties) = preSolution
		HideSolutionNode = FALSE
	EndGlobalSection
	GlobalSection(NestedProjects) = preSolution
		{B0F80F19-043B-4F8B-9538-4D3D5A58F0AA} = {9A79CBE7-EBF6-4E1A-B0EE-81154F489DF3}
		{E0A18794-7916-4881-9266-B852358B6642} = {9A79CBE7-EBF6-4E1A-B0EE-81154F489DF3}
		{C09D46EB-6AE6-4C87-846C-03C67277BB6C} = {9A79CBE7-EBF6-4E1A-B0EE-81154F489DF3}
		{526E6818-711D-4C88-AF7D-92A263B4F058} = {9A79CBE7-EBF6-4E1A-B0EE-81154F489DF3}
		{90085A9D-EA04-48A8-A666-1CA0A5870D23} = {916B6810-93CA-4EC7-8872-51CAAABA12FD}
		{E6124593-2F1A-4D0B-B26D-BC2770E55D34} = {916B6810-93CA-4EC7-8872-51CAAABA12FD}
		{82AF7B42-3568-4E13-A82A-2EF9AD106702} = {E0A18794-7916-4881-9266-B852358B6642}
		{5D7F1C75-8131-4984-A979-785D958B3687} = {C09D46EB-6AE6-4C87-846C-03C67277BB6C}
		{5F24B1FF-09D7-438E-A653-2809BB335347} = {B0F80F19-043B-4F8B-9538-4D3D5A58F0AA}
		{492AB2F7-D0A2-4CF1-BC81-958979385062} = {526E6818-711D-4C88-AF7D-92A263B4F058}
		{DDCA8631-3521-47E9-9568-693C0BE1B10B} = {C09D46EB-6AE6-4C87-846C-03C67277BB6C}
	EndGlobalSection
	GlobalSection(ExtensibilityGlobals) = postSolution
		SolutionGuid = {6ED56B9F-AA14-4503-A7CD-1198427F6372}
	EndGlobalSection
EndGlobal
